
Microsoft Visual Studio Solution File, Format Version 12.00
# Visual Studio 15
VisualStudioVersion = 15.0.28010.2016
MinimumVisualStudioVersion = 10.0.40219.1
Project("{FAE04EC0-301F-11D3-BF4B-00C04F79EFBC}") = "ParallelLoops", "ParallelLoops\ParallelLoops.csproj", "{87D98049-4AEA-4839-AD58-A31A598C410D}"
EndProject
Global
	GlobalSection(SolutionConfigurationPlatforms) = preSolution
		Debug|Any CPU = Debug|Any CPU
		Release|Any CPU = Release|Any CPU
	EndGlobalSection
	GlobalSection(ProjectConfigurationPlatforms) = postSolution
		{87D98049-4AEA-4839-AD58-A31A598C410D}.Debug|Any CPU.ActiveCfg = Debug|Any CPU
		{87D98049-4AEA-4839-AD58-A31A598C410D}.Debug|Any CPU.Build.0 = Debug|Any CPU
		{87D98049-4AEA-4839-AD58-A31A598C410D}.Release|Any CPU.ActiveCfg = Release|Any CPU
		{87D98049-4AEA-4839-AD58-A31A598C410D}.Release|Any CPU.Build.0 = Release|Any CPU
	EndGlobalSection
	GlobalSection(SolutionProperties) = preSolution
		HideSolutionNode = FALSE
	EndGlobalSection
	GlobalSection(ExtensibilityGlobals) = postSolution
		SolutionGuid = {8724BA1D-E9FC-4ECB-A375-BFA5666A4EFD}
	EndGlobalSection
EndGlobal
